
Microsoft Visual Studio Solution File, Format Version 12.00
# Visual Studio 15
VisualStudioVersion = 15.0.28307.489
MinimumVisualStudioVersion = 10.0.40219.1
Project("{FAE04EC0-301F-11D3-BF4B-00C04F79EFBC}") = "BBTapeService", "BBTapeService\BBTapeService.csproj", "{2DE85AFD-4335-4AD9-BD84-2546896B0AD3}"
EndProject
Project("{FAE04EC0-301F-11D3-BF4B-00C04F79EFBC}") = "BBTapes1", "BBTapes1\BBTapes1.csproj", "{B046D230-B5A1-4748-A434-EB487C100125}"
	ProjectSection(ProjectDependencies) = postProject
		{2DE85AFD-4335-4AD9-BD84-2546896B0AD3} = {2DE85AFD-4335-4AD9-BD84-2546896B0AD3}
	EndProjectSection
EndProject
Global
	GlobalSection(SolutionConfigurationPlatforms) = preSolution
		Debug|Any CPU = Debug|Any CPU
		Release|Any CPU = Release|Any CPU
	EndGlobalSection
	GlobalSection(ProjectConfigurationPlatforms) = postSolution
		{2DE85AFD-4335-4AD9-BD84-2546896B0AD3}.Debug|Any CPU.ActiveCfg = Debug|Any CPU
		{2DE85AFD-4335-4AD9-BD84-2546896B0AD3}.Debug|Any CPU.Build.0 = Debug|Any CPU
		{2DE85AFD-4335-4AD9-BD84-2546896B0AD3}.Release|Any CPU.ActiveCfg = Release|Any CPU
		{2DE85AFD-4335-4AD9-BD84-2546896B0AD3}.Release|Any CPU.Build.0 = Release|Any CPU
		{B046D230-B5A1-4748-A434-EB487C100125}.Debug|Any CPU.ActiveCfg = Debug|Any CPU
		{B046D230-B5A1-4748-A434-EB487C100125}.Debug|Any CPU.Build.0 = Debug|Any CPU
		{B046D230-B5A1-4748-A434-EB487C100125}.Release|Any CPU.ActiveCfg = Release|Any CPU
		{B046D230-B5A1-4748-A434-EB487C100125}.Release|Any CPU.Build.0 = Release|Any CPU
	EndGlobalSection
	GlobalSection(SolutionProperties) = preSolution
		HideSolutionNode = FALSE
	EndGlobalSection
	GlobalSection(ExtensibilityGlobals) = postSolution
		SolutionGuid = {C381AE1F-F1D5-4183-AA2E-6CD29A13A31F}
	EndGlobalSection
EndGlobal
